
Microsoft Visual Studio Solution File, Format Version 12.00
# Visual Studio Version 16
VisualStudioVersion = 16.0.29911.84
MinimumVisualStudioVersion = 10.0.40219.1
Project("{9A19103F-16F7-4668-BE54-9A1E7A4F7556}") = "QReduction.Api", "QReduction.Api\QReduction.Api.csproj", "{CFD6465E-AA2D-411D-A75E-FEC31FB83E3F}"
EndProject
Project("{9A19103F-16F7-4668-BE54-9A1E7A4F7556}") = "QReduction.Core", "QReduction.Core\QReduction.Core.csproj", "{BD20DDB7-C68D-4F25-A8A5-14A646BCE20E}"
EndProject
Project("{9A19103F-16F7-4668-BE54-9A1E7A4F7556}") = "QReduction.Infrastructure", "QReduction.Infrastructure\QReduction.Infrastructure.csproj", "{C837E1FF-AED5-41B8-A082-1303A4D8E2E1}"
EndProject
Project("{9A19103F-16F7-4668-BE54-9A1E7A4F7556}") = "QReduction.Services", "QReduction.Services\QReduction.Services.csproj", "{6971F030-4990-403A-A3FE-AEC90B696C1F}"
EndProject
Global
	GlobalSection(SolutionConfigurationPlatforms) = preSolution
		Debug|Any CPU = Debug|Any CPU
		Release|Any CPU = Release|Any CPU
	EndGlobalSection
	GlobalSection(ProjectConfigurationPlatforms) = postSolution
		{CFD6465E-AA2D-411D-A75E-FEC31FB83E3F}.Debug|Any CPU.ActiveCfg = Debug|Any CPU
		{CFD6465E-AA2D-411D-A75E-FEC31FB83E3F}.Debug|Any CPU.Build.0 = Debug|Any CPU
		{CFD6465E-AA2D-411D-A75E-FEC31FB83E3F}.Release|Any CPU.ActiveCfg = Release|Any CPU
		{CFD6465E-AA2D-411D-A75E-FEC31FB83E3F}.Release|Any CPU.Build.0 = Release|Any CPU
		{BD20DDB7-C68D-4F25-A8A5-14A646BCE20E}.Debug|Any CPU.ActiveCfg = Debug|Any CPU
		{BD20DDB7-C68D-4F25-A8A5-14A646BCE20E}.Debug|Any CPU.Build.0 = Debug|Any CPU
		{BD20DDB7-C68D-4F25-A8A5-14A646BCE20E}.Release|Any CPU.ActiveCfg = Release|Any CPU
		{BD20DDB7-C68D-4F25-A8A5-14A646BCE20E}.Release|Any CPU.Build.0 = Release|Any CPU
		{C837E1FF-AED5-41B8-A082-1303A4D8E2E1}.Debug|Any CPU.ActiveCfg = Debug|Any CPU
		{C837E1FF-AED5-41B8-A082-1303A4D8E2E1}.Debug|Any CPU.Build.0 = Debug|Any CPU
		{C837E1FF-AED5-41B8-A082-1303A4D8E2E1}.Release|Any CPU.ActiveCfg = Release|Any CPU
		{C837E1FF-AED5-41B8-A082-1303A4D8E2E1}.Release|Any CPU.Build.0 = Release|Any CPU
		{6971F030-4990-403A-A3FE-AEC90B696C1F}.Debug|Any CPU.ActiveCfg = Debug|Any CPU
		{6971F030-4990-403A-A3FE-AEC90B696C1F}.Debug|Any CPU.Build.0 = Debug|Any CPU
		{6971F030-4990-403A-A3FE-AEC90B696C1F}.Release|Any CPU.ActiveCfg = Release|Any CPU
		{6971F030-4990-403A-A3FE-AEC90B696C1F}.Release|Any CPU.Build.0 = Release|Any CPU
	EndGlobalSection
	GlobalSection(SolutionProperties) = preSolution
		HideSolutionNode = FALSE
	EndGlobalSection
	GlobalSection(ExtensibilityGlobals) = postSolution
		SolutionGuid = {48C0811B-A9E2-49A2-B3A7-AC396F9E9E95}
	EndGlobalSection
EndGlobal
